
Microsoft Visual Studio Solution File, Format Version 12.00
# Visual Studio 14
VisualStudioVersion = 14.0.25420.1
MinimumVisualStudioVersion = 10.0.40219.1
Project("{FAE04EC0-301F-11D3-BF4B-00C04F79EFBC}") = "Problem2", "Problem2\Problem2.csproj", "{AE210395-014C-48C2-BD5F-6BDBDBA2205D}"
EndProject
Project("{FAE04EC0-301F-11D3-BF4B-00C04F79EFBC}") = "TestStore", "TestStore\TestStore.csproj", "{149725B1-1BCC-45A7-A46F-E6C59885B304}"
	ProjectSection(ProjectDependencies) = postProject
		{AE210395-014C-48C2-BD5F-6BDBDBA2205D} = {AE210395-014C-48C2-BD5F-6BDBDBA2205D}
	EndProjectSection
EndProject
Global
	GlobalSection(SolutionConfigurationPlatforms) = preSolution
		Debug|Any CPU = Debug|Any CPU
		Release|Any CPU = Release|Any CPU
	EndGlobalSection
	GlobalSection(ProjectConfigurationPlatforms) = postSolution
		{AE210395-014C-48C2-BD5F-6BDBDBA2205D}.Debug|Any CPU.ActiveCfg = Debug|Any CPU
		{AE210395-014C-48C2-BD5F-6BDBDBA2205D}.Debug|Any CPU.Build.0 = Debug|Any CPU
		{AE210395-014C-48C2-BD5F-6BDBDBA2205D}.Release|Any CPU.ActiveCfg = Release|Any CPU
		{AE210395-014C-48C2-BD5F-6BDBDBA2205D}.Release|Any CPU.Build.0 = Release|Any CPU
		{149725B1-1BCC-45A7-A46F-E6C59885B304}.Debug|Any CPU.ActiveCfg = Debug|Any CPU
		{149725B1-1BCC-45A7-A46F-E6C59885B304}.Debug|Any CPU.Build.0 = Debug|Any CPU
		{149725B1-1BCC-45A7-A46F-E6C59885B304}.Release|Any CPU.ActiveCfg = Release|Any CPU
		{149725B1-1BCC-45A7-A46F-E6C59885B304}.Release|Any CPU.Build.0 = Release|Any CPU
	EndGlobalSection
	GlobalSection(SolutionProperties) = preSolution
		HideSolutionNode = FALSE
	EndGlobalSection
EndGlobal
